
Microsoft Visual Studio Solution File, Format Version 12.00
# Visual Studio Version 17
VisualStudioVersion = 17.0.31903.59
MinimumVisualStudioVersion = 10.0.40219.1
Project("{9A19103F-16F7-4668-BE54-9A1E7A4F7556}") = "LojaProdutos.Application", "LojaProdutos.Application\LojaProdutos.Application.csproj", "{14BBE3C2-F10C-47CB-9A85-B40B5ECB5E51}"
EndProject
Project("{9A19103F-16F7-4668-BE54-9A1E7A4F7556}") = "LojaProdutos.Domain", "LojaProdutos.Domain\LojaProdutos.Domain.csproj", "{0BD7DE32-0B72-40FD-9671-81617242E040}"
EndProject
Project("{9A19103F-16F7-4668-BE54-9A1E7A4F7556}") = "LojaProdutos.Infra.Data", "LojaProdutos.Infra.Data\LojaProdutos.Infra.Data.csproj", "{9B4E9BDB-C5E7-4E8B-B53A-0AAA44C87DB5}"
EndProject
Project("{9A19103F-16F7-4668-BE54-9A1E7A4F7556}") = "LojaProdutos.Infrastructure.IoC", "LojaProdutos.Infrastructure.IoC\LojaProdutos.Infrastructure.IoC.csproj", "{3624FA60-0CBA-433F-B545-E17186178877}"
EndProject
Project("{FAE04EC0-301F-11D3-BF4B-00C04F79EFBC}") = "LojaProdutos.Web.Mvc", "LojaProdutos.Web.Mvc\LojaProdutos.Web.Mvc.csproj", "{B924D788-C009-4126-86C7-E104FA5CD94D}"
EndProject
Global
	GlobalSection(SolutionConfigurationPlatforms) = preSolution
		Debug|Any CPU = Debug|Any CPU
		Release|Any CPU = Release|Any CPU
	EndGlobalSection
	GlobalSection(ProjectConfigurationPlatforms) = postSolution
		{14BBE3C2-F10C-47CB-9A85-B40B5ECB5E51}.Debug|Any CPU.ActiveCfg = Debug|Any CPU
		{14BBE3C2-F10C-47CB-9A85-B40B5ECB5E51}.Debug|Any CPU.Build.0 = Debug|Any CPU
		{14BBE3C2-F10C-47CB-9A85-B40B5ECB5E51}.Release|Any CPU.ActiveCfg = Release|Any CPU
		{14BBE3C2-F10C-47CB-9A85-B40B5ECB5E51}.Release|Any CPU.Build.0 = Release|Any CPU
		{0BD7DE32-0B72-40FD-9671-81617242E040}.Debug|Any CPU.ActiveCfg = Debug|Any CPU
		{0BD7DE32-0B72-40FD-9671-81617242E040}.Debug|Any CPU.Build.0 = Debug|Any CPU
		{0BD7DE32-0B72-40FD-9671-81617242E040}.Release|Any CPU.ActiveCfg = Release|Any CPU
		{0BD7DE32-0B72-40FD-9671-81617242E040}.Release|Any CPU.Build.0 = Release|Any CPU
		{9B4E9BDB-C5E7-4E8B-B53A-0AAA44C87DB5}.Debug|Any CPU.ActiveCfg = Debug|Any CPU
		{9B4E9BDB-C5E7-4E8B-B53A-0AAA44C87DB5}.Debug|Any CPU.Build.0 = Debug|Any CPU
		{9B4E9BDB-C5E7-4E8B-B53A-0AAA44C87DB5}.Release|Any CPU.ActiveCfg = Release|Any CPU
		{9B4E9BDB-C5E7-4E8B-B53A-0AAA44C87DB5}.Release|Any CPU.Build.0 = Release|Any CPU
		{3624FA60-0CBA-433F-B545-E17186178877}.Debug|Any CPU.ActiveCfg = Debug|Any CPU
		{3624FA60-0CBA-433F-B545-E17186178877}.Debug|Any CPU.Build.0 = Debug|Any CPU
		{3624FA60-0CBA-433F-B545-E17186178877}.Release|Any CPU.ActiveCfg = Release|Any CPU
		{3624FA60-0CBA-433F-B545-E17186178877}.Release|Any CPU.Build.0 = Release|Any CPU
		{B924D788-C009-4126-86C7-E104FA5CD94D}.Debug|Any CPU.ActiveCfg = Debug|Any CPU
		{B924D788-C009-4126-86C7-E104FA5CD94D}.Debug|Any CPU.Build.0 = Debug|Any CPU
		{B924D788-C009-4126-86C7-E104FA5CD94D}.Release|Any CPU.ActiveCfg = Release|Any CPU
		{B924D788-C009-4126-86C7-E104FA5CD94D}.Release|Any CPU.Build.0 = Release|Any CPU
	EndGlobalSection
	GlobalSection(SolutionProperties) = preSolution
		HideSolutionNode = FALSE
	EndGlobalSection
	GlobalSection(ExtensibilityGlobals) = postSolution
		SolutionGuid = {D0D8C2FD-2C8E-4BB8-9EC3-58F97D1DE821}
	EndGlobalSection
EndGlobal
